
Microsoft Visual Studio Solution File, Format Version 12.00
# Visual Studio Version 17
VisualStudioVersion = 17.10.35004.147
MinimumVisualStudioVersion = 10.0.40219.1
Project("{FAE04EC0-301F-11D3-BF4B-00C04F79EFBC}") = "Allatkert", "Allatkert\Allatkert.csproj", "{A8F483BF-4BC7-45CF-9E8E-0643CA7E1C11}"
EndProject
Global
	GlobalSection(SolutionConfigurationPlatforms) = preSolution
		Debug|Any CPU = Debug|Any CPU
		Release|Any CPU = Release|Any CPU
	EndGlobalSection
	GlobalSection(ProjectConfigurationPlatforms) = postSolution
		{A8F483BF-4BC7-45CF-9E8E-0643CA7E1C11}.Debug|Any CPU.ActiveCfg = Debug|Any CPU
		{A8F483BF-4BC7-45CF-9E8E-0643CA7E1C11}.Debug|Any CPU.Build.0 = Debug|Any CPU
		{A8F483BF-4BC7-45CF-9E8E-0643CA7E1C11}.Release|Any CPU.ActiveCfg = Release|Any CPU
		{A8F483BF-4BC7-45CF-9E8E-0643CA7E1C11}.Release|Any CPU.Build.0 = Release|Any CPU
	EndGlobalSection
	GlobalSection(SolutionProperties) = preSolution
		HideSolutionNode = FALSE
	EndGlobalSection
	GlobalSection(ExtensibilityGlobals) = postSolution
		SolutionGuid = {64DA7E05-BA66-476E-B069-9E205CBE6049}
	EndGlobalSection
EndGlobal
